
Microsoft Visual Studio Solution File, Format Version 12.00
# Visual Studio Version 17
VisualStudioVersion = 17.11.35303.130
MinimumVisualStudioVersion = 10.0.40219.1
Project("{9A19103F-16F7-4668-BE54-9A1E7A4F7556}") = "API", "API\API.csproj", "{6A35A4F2-E883-4EA6-B74C-0C1A54E86469}"
EndProject
Project("{2150E333-8FDC-42A3-9474-1A3956D46DE8}") = "External", "External", "{39DB7EDB-7CFD-4542-AB46-E185A146004D}"
EndProject
Project("{2150E333-8FDC-42A3-9474-1A3956D46DE8}") = "Core", "Core", "{FFD2AB8B-0159-40BB-A93B-0B6C05D340CE}"
EndProject
Project("{9A19103F-16F7-4668-BE54-9A1E7A4F7556}") = "Domain", "Domain\Domain.csproj", "{B8F963F1-88EC-4C8F-9FDD-F85A7836394D}"
EndProject
Project("{FAE04EC0-301F-11D3-BF4B-00C04F79EFBC}") = "Infrastructure", "Infrastructure\Infrastructure.csproj", "{0E163CB2-24C6-473C-8D31-B579D8F40ACD}"
	ProjectSection(ProjectDependencies) = postProject
		{B8F963F1-88EC-4C8F-9FDD-F85A7836394D} = {B8F963F1-88EC-4C8F-9FDD-F85A7836394D}
	EndProjectSection
EndProject
Project("{FAE04EC0-301F-11D3-BF4B-00C04F79EFBC}") = "Migrations", "Migrations\Migrations.csproj", "{0841BEF9-39DE-4CAD-9FB9-C7EF9C213703}"
	ProjectSection(ProjectDependencies) = postProject
		{0E163CB2-24C6-473C-8D31-B579D8F40ACD} = {0E163CB2-24C6-473C-8D31-B579D8F40ACD}
	EndProjectSection
EndProject
Global
	GlobalSection(SolutionConfigurationPlatforms) = preSolution
		Debug|Any CPU = Debug|Any CPU
		Release|Any CPU = Release|Any CPU
	EndGlobalSection
	GlobalSection(ProjectConfigurationPlatforms) = postSolution
		{6A35A4F2-E883-4EA6-B74C-0C1A54E86469}.Debug|Any CPU.ActiveCfg = Debug|Any CPU
		{6A35A4F2-E883-4EA6-B74C-0C1A54E86469}.Debug|Any CPU.Build.0 = Debug|Any CPU
		{6A35A4F2-E883-4EA6-B74C-0C1A54E86469}.Release|Any CPU.ActiveCfg = Release|Any CPU
		{6A35A4F2-E883-4EA6-B74C-0C1A54E86469}.Release|Any CPU.Build.0 = Release|Any CPU
		{B8F963F1-88EC-4C8F-9FDD-F85A7836394D}.Debug|Any CPU.ActiveCfg = Debug|Any CPU
		{B8F963F1-88EC-4C8F-9FDD-F85A7836394D}.Debug|Any CPU.Build.0 = Debug|Any CPU
		{B8F963F1-88EC-4C8F-9FDD-F85A7836394D}.Release|Any CPU.ActiveCfg = Release|Any CPU
		{B8F963F1-88EC-4C8F-9FDD-F85A7836394D}.Release|Any CPU.Build.0 = Release|Any CPU
		{0E163CB2-24C6-473C-8D31-B579D8F40ACD}.Debug|Any CPU.ActiveCfg = Debug|Any CPU
		{0E163CB2-24C6-473C-8D31-B579D8F40ACD}.Debug|Any CPU.Build.0 = Debug|Any CPU
		{0E163CB2-24C6-473C-8D31-B579D8F40ACD}.Release|Any CPU.ActiveCfg = Release|Any CPU
		{0E163CB2-24C6-473C-8D31-B579D8F40ACD}.Release|Any CPU.Build.0 = Release|Any CPU
		{0841BEF9-39DE-4CAD-9FB9-C7EF9C213703}.Debug|Any CPU.ActiveCfg = Debug|Any CPU
		{0841BEF9-39DE-4CAD-9FB9-C7EF9C213703}.Debug|Any CPU.Build.0 = Debug|Any CPU
		{0841BEF9-39DE-4CAD-9FB9-C7EF9C213703}.Release|Any CPU.ActiveCfg = Release|Any CPU
		{0841BEF9-39DE-4CAD-9FB9-C7EF9C213703}.Release|Any CPU.Build.0 = Release|Any CPU
	EndGlobalSection
	GlobalSection(SolutionProperties) = preSolution
		HideSolutionNode = FALSE
	EndGlobalSection
	GlobalSection(NestedProjects) = preSolution
		{6A35A4F2-E883-4EA6-B74C-0C1A54E86469} = {39DB7EDB-7CFD-4542-AB46-E185A146004D}
		{B8F963F1-88EC-4C8F-9FDD-F85A7836394D} = {FFD2AB8B-0159-40BB-A93B-0B6C05D340CE}
		{0E163CB2-24C6-473C-8D31-B579D8F40ACD} = {39DB7EDB-7CFD-4542-AB46-E185A146004D}
		{0841BEF9-39DE-4CAD-9FB9-C7EF9C213703} = {39DB7EDB-7CFD-4542-AB46-E185A146004D}
	EndGlobalSection
	GlobalSection(ExtensibilityGlobals) = postSolution
		SolutionGuid = {E49470E1-7CF3-4F14-9F08-2992D19FE2D5}
	EndGlobalSection
EndGlobal
